// !$*UTF8*$!
{
	archiveVersion = 1;
	classes = {
	};
	objectVersion = 50;
	objects = {

/* Begin PBXBuildFile section */
		183F01A025F72B3E00C29283 /* BlocksApp.swift in Sources */ = {isa = PBXBuildFile; fileRef = 183F019F25F72B3E00C29283 /* BlocksApp.swift */; };
		183F01A225F72B3E00C29283 /* ContentView.swift in Sources */ = {isa = PBXBuildFile; fileRef = 183F01A125F72B3E00C29283 /* ContentView.swift */; };
		183F01A425F72B4200C29283 /* Assets.xcassets in Resources */ = {isa = PBXBuildFile; fileRef = 183F01A325F72B4200C29283 /* Assets.xcassets */; };
		183F01A725F72B4200C29283 /* Preview Assets.xcassets in Resources */ = {isa = PBXBuildFile; fileRef = 183F01A625F72B4200C29283 /* Preview Assets.xcassets */; };
		183F01B025F8BF3B00C29283 /* NewsCell.swift in Sources */ = {isa = PBXBuildFile; fileRef = 183F01AF25F8BF3B00C29283 /* NewsCell.swift */; };
		184A019F25FC8A6E00ACE350 /* Article.swift in Sources */ = {isa = PBXBuildFile; fileRef = 184A019E25FC8A6D00ACE350 /* Article.swift */; };
		184A01A225FC8B5F00ACE350 /* Article+Mock.swift in Sources */ = {isa = PBXBuildFile; fileRef = 184A01A125FC8B5F00ACE350 /* Article+Mock.swift */; };
		184A01A525FC8FF900ACE350 /* NewsCell+Article.swift in Sources */ = {isa = PBXBuildFile; fileRef = 184A01A425FC8FF900ACE350 /* NewsCell+Article.swift */; };
/* End PBXBuildFile section */

/* Begin PBXFileReference section */
		183F019C25F72B3E00C29283 /* Blocks.app */ = {isa = PBXFileReference; explicitFileType = wrapper.application; includeInIndex = 0; path = Blocks.app; sourceTree = BUILT_PRODUCTS_DIR; };
		183F019F25F72B3E00C29283 /* BlocksApp.swift */ = {isa = PBXFileReference; lastKnownFileType = sourcecode.swift; path = BlocksApp.swift; sourceTree = "<group>"; };
		183F01A125F72B3E00C29283 /* ContentView.swift */ = {isa = PBXFileReference; lastKnownFileType = sourcecode.swift; path = ContentView.swift; sourceTree = "<group>"; };
		183F01A325F72B4200C29283 /* Assets.xcassets */ = {isa = PBXFileReference; lastKnownFileType = folder.assetcatalog; path = Assets.xcassets; sourceTree = "<group>"; };
		183F01A625F72B4200C29283 /* Preview Assets.xcassets */ = {isa = PBXFileReference; lastKnownFileType = folder.assetcatalog; path = "Preview Assets.xcassets"; sourceTree = "<group>"; };
		183F01A825F72B4200C29283 /* Info.plist */ = {isa = PBXFileReference; lastKnownFileType = text.plist.xml; path = Info.plist; sourceTree = "<group>"; };
		183F01AF25F8BF3B00C29283 /* NewsCell.swift */ = {isa = PBXFileReference; lastKnownFileType = sourcecode.swift; path = NewsCell.swift; sourceTree = "<group>"; };
		184A019E25FC8A6D00ACE350 /* Article.swift */ = {isa = PBXFileReference; lastKnownFileType = sourcecode.swift; path = Article.swift; sourceTree = "<group>"; };
		184A01A125FC8B5F00ACE350 /* Article+Mock.swift */ = {isa = PBXFileReference; lastKnownFileType = sourcecode.swift; path = "Article+Mock.swift"; sourceTree = "<group>"; };
		184A01A425FC8FF900ACE350 /* NewsCell+Article.swift */ = {isa = PBXFileReference; lastKnownFileType = sourcecode.swift; path = "NewsCell+Article.swift"; sourceTree = "<group>"; };
/* End PBXFileReference section */

/* Begin PBXFrameworksBuildPhase section */
		183F019925F72B3E00C29283 /* Frameworks */ = {
			isa = PBXFrameworksBuildPhase;
			buildActionMask = 2147483647;
			files = (
			);
			runOnlyForDeploymentPostprocessing = 0;
		};
/* End PBXFrameworksBuildPhase section */

/* Begin PBXGroup section */
		183F019325F72B3E00C29283 = {
			isa = PBXGroup;
			children = (
				183F019E25F72B3E00C29283 /* Blocks */,
				183F019D25F72B3E00C29283 /* Products */,
			);
			sourceTree = "<group>";
		};
		183F019D25F72B3E00C29283 /* Products */ = {
			isa = PBXGroup;
			children = (
				183F019C25F72B3E00C29283 /* Blocks.app */,
			);
			name = Products;
			sourceTree = "<group>";
		};
		183F019E25F72B3E00C29283 /* Blocks */ = {
			isa = PBXGroup;
			children = (
				183F019F25F72B3E00C29283 /* BlocksApp.swift */,
				183F01A125F72B3E00C29283 /* ContentView.swift */,
				183F01AF25F8BF3B00C29283 /* NewsCell.swift */,
				184A019E25FC8A6D00ACE350 /* Article.swift */,
				184A01A425FC8FF900ACE350 /* NewsCell+Article.swift */,
				184A01A125FC8B5F00ACE350 /* Article+Mock.swift */,
				183F01A325F72B4200C29283 /* Assets.xcassets */,
				183F01A825F72B4200C29283 /* Info.plist */,
				183F01A525F72B4200C29283 /* Preview Content */,
			);
			path = Blocks;
			sourceTree = "<group>";
		};
		183F01A525F72B4200C29283 /* Preview Content */ = {
			isa = PBXGroup;
			children = (
				183F01A625F72B4200C29283 /* Preview Assets.xcassets */,
			);
			path = "Preview Content";
			sourceTree = "<group>";
		};
/* End PBXGroup section */

/* Begin PBXNativeTarget section */
		183F019B25F72B3E00C29283 /* Blocks */ = {
			isa = PBXNativeTarget;
			buildConfigurationList = 183F01AB25F72B4200C29283 /* Build configuration list for PBXNativeTarget "Blocks" */;
			buildPhases = (
				183F019825F72B3E00C29283 /* Sources */,
				183F019925F72B3E00C29283 /* Frameworks */,
				183F019A25F72B3E00C29283 /* Resources */,
			);
			buildRules = (
			);
			dependencies = (
			);
			name = Blocks;
			productName = Blocks;
			productReference = 183F019C25F72B3E00C29283 /* Blocks.app */;
			productType = "com.apple.product-type.application";
		};
/* End PBXNativeTarget section */

/* Begin PBXProject section */
		183F019425F72B3E00C29283 /* Project object */ = {
			isa = PBXProject;
			attributes = {
				LastSwiftUpdateCheck = 1240;
				LastUpgradeCheck = 1240;
				TargetAttributes = {
					183F019B25F72B3E00C29283 = {
						CreatedOnToolsVersion = 12.4;
					};
				};
			};
			buildConfigurationList = 183F019725F72B3E00C29283 /* Build configuration list for PBXProject "Blocks" */;
			compatibilityVersion = "Xcode 9.3";
			developmentRegion = en;
			hasScannedForEncodings = 0;
			knownRegions = (
				en,
				Base,
			);
			mainGroup = 183F019325F72B3E00C29283;
			productRefGroup = 183F019D25F72B3E00C29283 /* Products */;
			projectDirPath = "";
			projectRoot = "";
			targets = (
				183F019B25F72B3E00C29283 /* Blocks */,
			);
		};
/* End PBXProject section */

/* Begin PBXResourcesBuildPhase section */
		183F019A25F72B3E00C29283 /* Resources */ = {
			isa = PBXResourcesBuildPhase;
			buildActionMask = 2147483647;
			files = (
				183F01A725F72B4200C29283 /* Preview Assets.xcassets in Resources */,
				183F01A425F72B4200C29283 /* Assets.xcassets in Resources */,
			);
			runOnlyForDeploymentPostprocessing = 0;
		};
/* End PBXResourcesBuildPhase section */

/* Begin PBXSourcesBuildPhase section */
		183F019825F72B3E00C29283 /* Sources */ = {
			isa = PBXSourcesBuildPhase;
			buildActionMask = 2147483647;
			files = (
				184A019F25FC8A6E00ACE350 /* Article.swift in Sources */,
				184A01A525FC8FF900ACE350 /* NewsCell+Article.swift in Sources */,
				183F01A225F72B3E00C29283 /* ContentView.swift in Sources */,
				183F01B025F8BF3B00C29283 /* NewsCell.swift in Sources */,
				184A01A225FC8B5F00ACE350 /* Article+Mock.swift in Sources */,
				183F01A025F72B3E00C29283 /* BlocksApp.swift in Sources */,
			);
			runOnlyForDeploymentPostprocessing = 0;
		};
/* End PBXSourcesBuildPhase section */

/* Begin XCBuildConfiguration section */
		183F01A925F72B4200C29283 /* Debug */ = {
			isa = XCBuildConfiguration;
			buildSettings = {
				ALWAYS_SEARCH_USER_PATHS = NO;
				CLANG_ANALYZER_NONNULL = YES;
				CLANG_ANALYZER_NUMBER_OBJECT_CONVERSION = YES_AGGRESSIVE;
				CLANG_CXX_LANGUAGE_STANDARD = "gnu++14";
				CLANG_CXX_LIBRARY = "libc++";
				CLANG_ENABLE_MODULES = YES;
				CLANG_ENABLE_OBJC_ARC = YES;
				CLANG_ENABLE_OBJC_WEAK = YES;
				CLANG_WARN_BLOCK_CAPTURE_AUTORELEASING = YES;
				CLANG_WARN_BOOL_CONVERSION = YES;
				CLANG_WARN_COMMA = YES;
				CLANG_WARN_CONSTANT_CONVERSION = YES;
				CLANG_WARN_DEPRECATED_OBJC_IMPLEMENTATIONS = YES;
				CLANG_WARN_DIRECT_OBJC_ISA_USAGE = YES_ERROR;
				CLANG_WARN_DOCUMENTATION_COMMENTS = YES;
				CLANG_WARN_EMPTY_BODY = YES;
				CLANG_WARN_ENUM_CONVERSION = YES;
				CLANG_WARN_INFINITE_RECURSION = YES;
				CLANG_WARN_INT_CONVERSION = YES;
				CLANG_WARN_NON_LITERAL_NULL_CONVERSION = YES;
				CLANG_WARN_OBJC_IMPLICIT_RETAIN_SELF = YES;
				CLANG_WARN_OBJC_LITERAL_CONVERSION = YES;
				CLANG_WARN_OBJC_ROOT_CLASS = YES_ERROR;
				CLANG_WARN_QUOTED_INCLUDE_IN_FRAMEWORK_HEADER = YES;
				CLANG_WARN_RANGE_LOOP_ANALYSIS = YES;
				CLANG_WARN_STRICT_PROTOTYPES = YES;
				CLANG_WARN_SUSPICIOUS_MOVE = YES;
				CLANG_WARN_UNGUARDED_AVAILABILITY = YES_AGGRESSIVE;
				CLANG_WARN_UNREACHABLE_CODE = YES;
				CLANG_WARN__DUPLICATE_METHOD_MATCH = YES;
				COPY_PHASE_STRIP = NO;
				DEBUG_INFORMATION_FORMAT = dwarf;
				ENABLE_STRICT_OBJC_MSGSEND = YES;
				ENABLE_TESTABILITY = YES;
				GCC_C_LANGUAGE_STANDARD = gnu11;
				GCC_DYNAMIC_NO_PIC = NO;
				GCC_NO_COMMON_BLOCKS = YES;
				GCC_OPTIMIZATION_LEVEL = 0;
				GCC_PREPROCESSOR_DEFINITIONS = (
					"DEBUG=1",
					"$(inherited)",
				);
				GCC_WARN_64_TO_32_BIT_CONVERSION = YES;
				GCC_WARN_ABOUT_RETURN_TYPE = YES_ERROR;
				GCC_WARN_UNDECLARED_SELECTOR = YES;
				GCC_WARN_UNINITIALIZED_AUTOS = YES_AGGRESSIVE;
				GCC_WARN_UNUSED_FUNCTION = YES;
				GCC_WARN_UNUSED_VARIABLE = YES;
				IPHONEOS_DEPLOYMENT_TARGET = 14.4;
				MTL_ENABLE_DEBUG_INFO = INCLUDE_SOURCE;
				MTL_FAST_MATH = YES;
				ONLY_ACTIVE_ARCH = YES;
				SDKROOT = iphoneos;
				SWIFT_ACTIVE_COMPILATION_CONDITIONS = DEBUG;
				SWIFT_OPTIMIZATION_LEVEL = "-Onone";
			};
			name = Debug;
		};
		183F01AA25F72B4200C29283 /* Release */ = {
			isa = XCBuildConfiguration;
			buildSettings = {
				ALWAYS_SEARCH_USER_PATHS = NO;
				CLANG_ANALYZER_NONNULL = YES;
				CLANG_ANALYZER_NUMBER_OBJECT_CONVERSION = YES_AGGRESSIVE;
				CLANG_CXX_LANGUAGE_STANDARD = "gnu++14";
				CLANG_CXX_LIBRARY = "libc++";
				CLANG_ENABLE_MODULES = YES;
				CLANG_ENABLE_OBJC_ARC = YES;
				CLANG_ENABLE_OBJC_WEAK = YES;
				CLANG_WARN_BLOCK_CAPTURE_AUTORELEASING = YES;
				CLANG_WARN_BOOL_CONVERSION = YES;
				CLANG_WARN_COMMA = YES;
				CLANG_WARN_CONSTANT_CONVERSION = YES;
				CLANG_WARN_DEPRECATED_OBJC_IMPLEMENTATIONS = YES;
				CLANG_WARN_DIRECT_OBJC_ISA_USAGE = YES_ERROR;
				CLANG_WARN_DOCUMENTATION_COMMENTS = YES;
				CLANG_WARN_EMPTY_BODY = YES;
				CLANG_WARN_ENUM_CONVERSION = YES;
				CLANG_WARN_INFINITE_RECURSION = YES;
				CLANG_WARN_INT_CONVERSION = YES;
				CLANG_WARN_NON_LITERAL_NULL_CONVERSION = YES;
				CLANG_WARN_OBJC_IMPLICIT_RETAIN_SELF = YES;
				CLANG_WARN_OBJC_LITERAL_CONVERSION = YES;
				CLANG_WARN_OBJC_ROOT_CLASS = YES_ERROR;
				CLANG_WARN_QUOTED_INCLUDE_IN_FRAMEWORK_HEADER = YES;
				CLANG_WARN_RANGE_LOOP_ANALYSIS = YES;
				CLANG_WARN_STRICT_PROTOTYPES = YES;
				CLANG_WARN_SUSPICIOUS_MOVE = YES;
				CLANG_WARN_UNGUARDED_AVAILABILITY = YES_AGGRESSIVE;
				CLANG_WARN_UNREACHABLE_CODE = YES;
				CLANG_WARN__DUPLICATE_METHOD_MATCH = YES;
				COPY_PHASE_STRIP = NO;
				DEBUG_INFORMATION_FORMAT = "dwarf-with-dsym";
				ENABLE_NS_ASSERTIONS = NO;
				ENABLE_STRICT_OBJC_MSGSEND = YES;
				GCC_C_LANGUAGE_STANDARD = gnu11;
				GCC_NO_COMMON_BLOCKS = YES;
				GCC_WARN_64_TO_32_BIT_CONVERSION = YES;
				GCC_WARN_ABOUT_RETURN_TYPE = YES_ERROR;
				GCC_WARN_UNDECLARED_SELECTOR = YES;
				GCC_WARN_UNINITIALIZED_AUTOS = YES_AGGRESSIVE;
				GCC_WARN_UNUSED_FUNCTION = YES;
				GCC_WARN_UNUSED_VARIABLE = YES;
				IPHONEOS_DEPLOYMENT_TARGET = 14.4;
				MTL_ENABLE_DEBUG_INFO = NO;
				MTL_FAST_MATH = YES;
				SDKROOT = iphoneos;
				SWIFT_COMPILATION_MODE = wholemodule;
				SWIFT_OPTIMIZATION_LEVEL = "-O";
				VALIDATE_PRODUCT = YES;
			};
			name = Release;
		};
		183F01AC25F72B4200C29283 /* Debug */ = {
			isa = XCBuildConfiguration;
			buildSettings = {
				ASSETCATALOG_COMPILER_APPICON_NAME = AppIcon;
				ASSETCATALOG_COMPILER_GLOBAL_ACCENT_COLOR_NAME = AccentColor;
				CODE_SIGN_STYLE = Automatic;
				DEVELOPMENT_ASSET_PATHS = "\"Blocks/Preview Content\"";
				ENABLE_PREVIEWS = YES;
				INFOPLIST_FILE = Blocks/Info.plist;
				IPHONEOS_DEPLOYMENT_TARGET = 14.0;
				LD_RUNPATH_SEARCH_PATHS = (
					"$(inherited)",
					"@executable_path/Frameworks",
				);
				PRODUCT_BUNDLE_IDENTIFIER = nz.co.qiqi.Blocks;
				PRODUCT_NAME = "$(TARGET_NAME)";
				SWIFT_VERSION = 5.0;
				TARGETED_DEVICE_FAMILY = "1,2";
			};
			name = Debug;
		};
		183F01AD25F72B4200C29283 /* Release */ = {
			isa = XCBuildConfiguration;
			buildSettings = {
				ASSETCATALOG_COMPILER_APPICON_NAME = AppIcon;
				ASSETCATALOG_COMPILER_GLOBAL_ACCENT_COLOR_NAME = AccentColor;
				CODE_SIGN_STYLE = Automatic;
				DEVELOPMENT_ASSET_PATHS = "\"Blocks/Preview Content\"";
				ENABLE_PREVIEWS = YES;
				INFOPLIST_FILE = Blocks/Info.plist;
				IPHONEOS_DEPLOYMENT_TARGET = 14.0;
				LD_RUNPATH_SEARCH_PATHS = (
					"$(inherited)",
					"@executable_path/Frameworks",
				);
				PRODUCT_BUNDLE_IDENTIFIER = nz.co.qiqi.Blocks;
				PRODUCT_NAME = "$(TARGET_NAME)";
				SWIFT_VERSION = 5.0;
				TARGETED_DEVICE_FAMILY = "1,2";
			};
			name = Release;
		};
/* End XCBuildConfiguration section */

/* Begin XCConfigurationList section */
		183F019725F72B3E00C29283 /* Build configuration list for PBXProject "Blocks" */ = {
			isa = XCConfigurationList;
			buildConfigurations = (
				183F01A925F72B4200C29283 /* Debug */,
				183F01AA25F72B4200C29283 /* Release */,
			);
			defaultConfigurationIsVisible = 0;
			defaultConfigurationName = Release;
		};
		183F01AB25F72B4200C29283 /* Build configuration list for PBXNativeTarget "Blocks" */ = {
			isa = XCConfigurationList;
			buildConfigurations = (
				183F01AC25F72B4200C29283 /* Debug */,
				183F01AD25F72B4200C29283 /* Release */,
			);
			defaultConfigurationIsVisible = 0;
			defaultConfigurationName = Release;
		};
/* End XCConfigurationList section */
	};
	rootObject = 183F019425F72B3E00C29283 /* Project object */;
}
